github.com/FortAwesome/Font-Awesome v0.0.0-20210804190922-7d3d774145ac/go.mod h1:IUgezN/MFpCDIlFezw3L8j83oeiIuYoj28Miwr/KUYo=
github.com/jquery/jquery v0.0.0-20190501210434-75f7e963708b/go.mod h1:awH0v5ImrD4lpSNYgzEFDJGCfWp3Y+4uYc2qFZDen9w=
github.com/js-cookie/js-cookie v2.2.1+incompatible/go.mod h1:vKvo6V0OyHfzKLjBW9nzJCpzN2tIDjUoYspuk9aDv/k=
github.com/twbs/bootstrap v5.1.0+incompatible/go.mod h1:fZTSrkpSf0/HkL0IIJzvVspTt1r9zuf7XlZau8kpcY0=
